
Microsoft Visual Studio Solution File, Format Version 12.00
# Visual Studio Version 17
VisualStudioVersion = 17.8.34322.80
MinimumVisualStudioVersion = 10.0.40219.1
Project("{8BC9CEB8-8B4A-11D0-8D11-00A0C91BC942}") = "Day1", "Day1\Day1.vcxproj", "{2518AA65-6BF2-4CB8-B6F2-74566D3F9C91}"
EndProject
Project("{8BC9CEB8-8B4A-11D0-8D11-00A0C91BC942}") = "Day2", "Day2\Day2.vcxproj", "{6CE049D5-84E3-4711-B885-AB5C2CA5436C}"
EndProject
Project("{8BC9CEB8-8B4A-11D0-8D11-00A0C91BC942}") = "Day3", "Day3\Day3.vcxproj", "{71881204-6F42-4859-A747-AEEBA7B884D4}"
EndProject
Project("{8BC9CEB8-8B4A-11D0-8D11-00A0C91BC942}") = "Day4", "Day4\Day4.vcxproj", "{DC416AD5-E3BF-4410-9652-3E521FBFDFCD}"
EndProject
Global
	GlobalSection(SolutionConfigurationPlatforms) = preSolution
		Debug|x64 = Debug|x64
		Debug|x86 = Debug|x86
		Release|x64 = Release|x64
		Release|x86 = Release|x86
	EndGlobalSection
	GlobalSection(ProjectConfigurationPlatforms) = postSolution
		{2518AA65-6BF2-4CB8-B6F2-74566D3F9C91}.Debug|x64.ActiveCfg = Debug|x64
		{2518AA65-6BF2-4CB8-B6F2-74566D3F9C91}.Debug|x64.Build.0 = Debug|x64
		{2518AA65-6BF2-4CB8-B6F2-74566D3F9C91}.Debug|x86.ActiveCfg = Debug|Win32
		{2518AA65-6BF2-4CB8-B6F2-74566D3F9C91}.Debug|x86.Build.0 = Debug|Win32
		{2518AA65-6BF2-4CB8-B6F2-74566D3F9C91}.Release|x64.ActiveCfg = Release|x64
		{2518AA65-6BF2-4CB8-B6F2-74566D3F9C91}.Release|x64.Build.0 = Release|x64
		{2518AA65-6BF2-4CB8-B6F2-74566D3F9C91}.Release|x86.ActiveCfg = Release|Win32
		{2518AA65-6BF2-4CB8-B6F2-74566D3F9C91}.Release|x86.Build.0 = Release|Win32
		{6CE049D5-84E3-4711-B885-AB5C2CA5436C}.Debug|x64.ActiveCfg = Debug|x64
		{6CE049D5-84E3-4711-B885-AB5C2CA5436C}.Debug|x64.Build.0 = Debug|x64
		{6CE049D5-84E3-4711-B885-AB5C2CA5436C}.Debug|x86.ActiveCfg = Debug|Win32
		{6CE049D5-84E3-4711-B885-AB5C2CA5436C}.Debug|x86.Build.0 = Debug|Win32
		{6CE049D5-84E3-4711-B885-AB5C2CA5436C}.Release|x64.ActiveCfg = Release|x64
		{6CE049D5-84E3-4711-B885-AB5C2CA5436C}.Release|x64.Build.0 = Release|x64
		{6CE049D5-84E3-4711-B885-AB5C2CA5436C}.Release|x86.ActiveCfg = Release|Win32
		{6CE049D5-84E3-4711-B885-AB5C2CA5436C}.Release|x86.Build.0 = Release|Win32
		{71881204-6F42-4859-A747-AEEBA7B884D4}.Debug|x64.ActiveCfg = Debug|x64
		{71881204-6F42-4859-A747-AEEBA7B884D4}.Debug|x64.Build.0 = Debug|x64
		{71881204-6F42-4859-A747-AEEBA7B884D4}.Debug|x86.ActiveCfg = Debug|Win32
		{71881204-6F42-4859-A747-AEEBA7B884D4}.Debug|x86.Build.0 = Debug|Win32
		{71881204-6F42-4859-A747-AEEBA7B884D4}.Release|x64.ActiveCfg = Release|x64
		{71881204-6F42-4859-A747-AEEBA7B884D4}.Release|x64.Build.0 = Release|x64
		{71881204-6F42-4859-A747-AEEBA7B884D4}.Release|x86.ActiveCfg = Release|Win32
		{71881204-6F42-4859-A747-AEEBA7B884D4}.Release|x86.Build.0 = Release|Win32
		{DC416AD5-E3BF-4410-9652-3E521FBFDFCD}.Debug|x64.ActiveCfg = Debug|x64
		{DC416AD5-E3BF-4410-9652-3E521FBFDFCD}.Debug|x64.Build.0 = Debug|x64
		{DC416AD5-E3BF-4410-9652-3E521FBFDFCD}.Debug|x86.ActiveCfg = Debug|Win32
		{DC416AD5-E3BF-4410-9652-3E521FBFDFCD}.Debug|x86.Build.0 = Debug|Win32
		{DC416AD5-E3BF-4410-9652-3E521FBFDFCD}.Release|x64.ActiveCfg = Release|x64
		{DC416AD5-E3BF-4410-9652-3E521FBFDFCD}.Release|x64.Build.0 = Release|x64
		{DC416AD5-E3BF-4410-9652-3E521FBFDFCD}.Release|x86.ActiveCfg = Release|Win32
		{DC416AD5-E3BF-4410-9652-3E521FBFDFCD}.Release|x86.Build.0 = Release|Win32
	EndGlobalSection
	GlobalSection(SolutionProperties) = preSolution
		HideSolutionNode = FALSE
	EndGlobalSection
	GlobalSection(ExtensibilityGlobals) = postSolution
		SolutionGuid = {A6125763-272A-4E0A-8EB1-47F13EB266B5}
	EndGlobalSection
EndGlobal
